
Microsoft Visual Studio Solution File, Format Version 12.00
# Visual Studio Version 17
VisualStudioVersion = 17.0.32112.339
MinimumVisualStudioVersion = 10.0.40219.1
Project("{FAE04EC0-301F-11D3-BF4B-00C04F79EFBC}") = "ll", "ll\ll.csproj", "{7CFF77B1-CC39-4892-B8BB-EB48AE221034}"
EndProject
Global
	GlobalSection(SolutionConfigurationPlatforms) = preSolution
		Debug|Any CPU = Debug|Any CPU
		Release|Any CPU = Release|Any CPU
	EndGlobalSection
	GlobalSection(ProjectConfigurationPlatforms) = postSolution
		{7CFF77B1-CC39-4892-B8BB-EB48AE221034}.Debug|Any CPU.ActiveCfg = Debug|Any CPU
		{7CFF77B1-CC39-4892-B8BB-EB48AE221034}.Debug|Any CPU.Build.0 = Debug|Any CPU
		{7CFF77B1-CC39-4892-B8BB-EB48AE221034}.Release|Any CPU.ActiveCfg = Release|Any CPU
		{7CFF77B1-CC39-4892-B8BB-EB48AE221034}.Release|Any CPU.Build.0 = Release|Any CPU
	EndGlobalSection
	GlobalSection(SolutionProperties) = preSolution
		HideSolutionNode = FALSE
	EndGlobalSection
	GlobalSection(ExtensibilityGlobals) = postSolution
		SolutionGuid = {AD132273-966D-4769-B4A6-D2F14088395A}
	EndGlobalSection
EndGlobal
